
Microsoft Visual Studio Solution File, Format Version 12.00
# Visual Studio Version 16
VisualStudioVersion = 16.0.31112.23
MinimumVisualStudioVersion = 10.0.40219.1
Project("{8BC9CEB8-8B4A-11D0-8D11-00A0C91BC942}") = "A_Star_algorithm_test_1", "A_Star_algorithm_test_1\A_Star_algorithm_test_1.vcxproj", "{58665969-90A8-4C5D-8C00-F03D1EC868FB}"
EndProject
Project("{8BC9CEB8-8B4A-11D0-8D11-00A0C91BC942}") = "A_Star_algorithm_test_2", "A_Star_algorithm_test_2\A_Star_algorithm_test_2.vcxproj", "{58AE1716-7F94-4AFB-BA39-311A5178D881}"
EndProject
Project("{8BC9CEB8-8B4A-11D0-8D11-00A0C91BC942}") = "A_Star_algorithm_test_3", "A_Star_algorithm_test_3\A_Star_algorithm_test_3.vcxproj", "{35761062-37E6-4703-8B4F-14A4920CBD73}"
EndProject
Project("{8BC9CEB8-8B4A-11D0-8D11-00A0C91BC942}") = "A_Star_algorithm_test_4", "A_Star_algorithm_test_4\A_Star_algorithm_test_4.vcxproj", "{55F26E67-450F-4137-B7A4-F65FADE14F2D}"
EndProject
Project("{8BC9CEB8-8B4A-11D0-8D11-00A0C91BC942}") = "A_Star_algorithm_test_5", "A_Star_algorithm_test_5\A_Star_algorithm_test_5.vcxproj", "{9C7A8EB6-A4CE-4412-AECC-230392A9F810}"
EndProject
Project("{8BC9CEB8-8B4A-11D0-8D11-00A0C91BC942}") = "A_Star_algorithm_test_6", "A_Star_algorithm_test_6\A_Star_algorithm_test_6.vcxproj", "{D1B5F097-D961-4E30-92D6-5930A3AF8B2B}"
EndProject
Project("{8BC9CEB8-8B4A-11D0-8D11-00A0C91BC942}") = "AGV_ver1", "AGV_ver1\AGV_ver1.vcxproj", "{1E3CD9B4-377E-4202-A899-9593A4BE1134}"
EndProject
Project("{8BC9CEB8-8B4A-11D0-8D11-00A0C91BC942}") = "AGV_ver2", "AGV_ver2\AGV_ver2.vcxproj", "{4619FD70-14DE-45BD-8949-ADC35D761D84}"
EndProject
Project("{8BC9CEB8-8B4A-11D0-8D11-00A0C91BC942}") = "AGV_ver3", "AGV_ver3\AGV_ver3.vcxproj", "{980313F9-36CC-4326-9252-F33394E93200}"
EndProject
Project("{8BC9CEB8-8B4A-11D0-8D11-00A0C91BC942}") = "AGV_ver4", "AGV_ver4\AGV_ver4.vcxproj", "{D47005FD-E1AA-44D2-B4C4-DDBF462E0AD5}"
EndProject
Project("{8BC9CEB8-8B4A-11D0-8D11-00A0C91BC942}") = "AGV_ver5", "AGV_ver5\AGV_ver5.vcxproj", "{9148B929-6404-4150-AA33-A8DE2F85CCB7}"
EndProject
Project("{8BC9CEB8-8B4A-11D0-8D11-00A0C91BC942}") = "AGV_ver6", "AGV_ver6\AGV_ver6.vcxproj", "{58C2F498-9B5A-4402-B6CE-7F3053A7AC09}"
EndProject
Project("{8BC9CEB8-8B4A-11D0-8D11-00A0C91BC942}") = "AGV_ver7", "AGV_ver7\AGV_ver7.vcxproj", "{EFF338E2-65A5-41E2-9373-3E6D235F23C4}"
EndProject
Project("{8BC9CEB8-8B4A-11D0-8D11-00A0C91BC942}") = "AGV_ver8", "AGV_ver8\AGV_ver8.vcxproj", "{1F1470AB-2C23-4750-A740-489420A7001F}"
EndProject
Project("{8BC9CEB8-8B4A-11D0-8D11-00A0C91BC942}") = "AGV_Yolo_ver1", "AGV_Yolo_ver1\AGV_Yolo_ver1.vcxproj", "{8C6F1496-ED20-4DCE-AF25-4F5676B50C01}"
EndProject
Project("{8BC9CEB8-8B4A-11D0-8D11-00A0C91BC942}") = "camera_capture", "camera_capture\camera_capture.vcxproj", "{EF05C975-9A7A-4E00-9F33-C6FC5E52996B}"
EndProject
Project("{8BC9CEB8-8B4A-11D0-8D11-00A0C91BC942}") = "Yolo_test", "Yolo_test\Yolo_test.vcxproj", "{B1ED0B41-DC59-4FB5-A505-4D97607DF92F}"
EndProject
Project("{8BC9CEB8-8B4A-11D0-8D11-00A0C91BC942}") = "AGV_Yolo_ver2", "AGV_Yolo_ver2\AGV_Yolo_ver2.vcxproj", "{9C1AFCDD-4312-4DF0-B822-2B1C75D40F26}"
EndProject
Project("{8BC9CEB8-8B4A-11D0-8D11-00A0C91BC942}") = "AGV_Yolo_ver3", "AGV_Yolo_ver3\AGV_Yolo_ver3.vcxproj", "{54A82D20-61AC-41D6-B1DE-9D3642C9588C}"
EndProject
Project("{8BC9CEB8-8B4A-11D0-8D11-00A0C91BC942}") = "Yolo_test2", "Yolo_test2\Yolo_test2.vcxproj", "{AFA11308-CB7D-4D1B-BD31-0CE96753612F}"
EndProject
Project("{8BC9CEB8-8B4A-11D0-8D11-00A0C91BC942}") = "AGV_ver9", "AGV_ver9\AGV_ver9.vcxproj", "{C6C974FD-A29D-463F-9A32-2461103823C7}"
EndProject
Global
	GlobalSection(SolutionConfigurationPlatforms) = preSolution
		Debug|x64 = Debug|x64
		Debug|x86 = Debug|x86
		Release|x64 = Release|x64
		Release|x86 = Release|x86
	EndGlobalSection
	GlobalSection(ProjectConfigurationPlatforms) = postSolution
		{58665969-90A8-4C5D-8C00-F03D1EC868FB}.Debug|x64.ActiveCfg = Debug|x64
		{58665969-90A8-4C5D-8C00-F03D1EC868FB}.Debug|x64.Build.0 = Debug|x64
		{58665969-90A8-4C5D-8C00-F03D1EC868FB}.Debug|x86.ActiveCfg = Debug|Win32
		{58665969-90A8-4C5D-8C00-F03D1EC868FB}.Debug|x86.Build.0 = Debug|Win32
		{58665969-90A8-4C5D-8C00-F03D1EC868FB}.Release|x64.ActiveCfg = Release|x64
		{58665969-90A8-4C5D-8C00-F03D1EC868FB}.Release|x64.Build.0 = Release|x64
		{58665969-90A8-4C5D-8C00-F03D1EC868FB}.Release|x86.ActiveCfg = Release|Win32
		{58665969-90A8-4C5D-8C00-F03D1EC868FB}.Release|x86.Build.0 = Release|Win32
		{58AE1716-7F94-4AFB-BA39-311A5178D881}.Debug|x64.ActiveCfg = Debug|x64
		{58AE1716-7F94-4AFB-BA39-311A5178D881}.Debug|x64.Build.0 = Debug|x64
		{58AE1716-7F94-4AFB-BA39-311A5178D881}.Debug|x86.ActiveCfg = Debug|Win32
		{58AE1716-7F94-4AFB-BA39-311A5178D881}.Debug|x86.Build.0 = Debug|Win32
		{58AE1716-7F94-4AFB-BA39-311A5178D881}.Release|x64.ActiveCfg = Release|x64
		{58AE1716-7F94-4AFB-BA39-311A5178D881}.Release|x64.Build.0 = Release|x64
		{58AE1716-7F94-4AFB-BA39-311A5178D881}.Release|x86.ActiveCfg = Release|Win32
		{58AE1716-7F94-4AFB-BA39-311A5178D881}.Release|x86.Build.0 = Release|Win32
		{35761062-37E6-4703-8B4F-14A4920CBD73}.Debug|x64.ActiveCfg = Debug|x64
		{35761062-37E6-4703-8B4F-14A4920CBD73}.Debug|x64.Build.0 = Debug|x64
		{35761062-37E6-4703-8B4F-14A4920CBD73}.Debug|x86.ActiveCfg = Debug|Win32
		{35761062-37E6-4703-8B4F-14A4920CBD73}.Debug|x86.Build.0 = Debug|Win32
		{35761062-37E6-4703-8B4F-14A4920CBD73}.Release|x64.ActiveCfg = Release|x64
		{35761062-37E6-4703-8B4F-14A4920CBD73}.Release|x64.Build.0 = Release|x64
		{35761062-37E6-4703-8B4F-14A4920CBD73}.Release|x86.ActiveCfg = Release|Win32
		{35761062-37E6-4703-8B4F-14A4920CBD73}.Release|x86.Build.0 = Release|Win32
		{55F26E67-450F-4137-B7A4-F65FADE14F2D}.Debug|x64.ActiveCfg = Debug|x64
		{55F26E67-450F-4137-B7A4-F65FADE14F2D}.Debug|x64.Build.0 = Debug|x64
		{55F26E67-450F-4137-B7A4-F65FADE14F2D}.Debug|x86.ActiveCfg = Debug|Win32
		{55F26E67-450F-4137-B7A4-F65FADE14F2D}.Debug|x86.Build.0 = Debug|Win32
		{55F26E67-450F-4137-B7A4-F65FADE14F2D}.Release|x64.ActiveCfg = Release|x64
		{55F26E67-450F-4137-B7A4-F65FADE14F2D}.Release|x64.Build.0 = Release|x64
		{55F26E67-450F-4137-B7A4-F65FADE14F2D}.Release|x86.ActiveCfg = Release|Win32
		{55F26E67-450F-4137-B7A4-F65FADE14F2D}.Release|x86.Build.0 = Release|Win32
		{9C7A8EB6-A4CE-4412-AECC-230392A9F810}.Debug|x64.ActiveCfg = Debug|x64
		{9C7A8EB6-A4CE-4412-AECC-230392A9F810}.Debug|x64.Build.0 = Debug|x64
		{9C7A8EB6-A4CE-4412-AECC-230392A9F810}.Debug|x86.ActiveCfg = Debug|Win32
		{9C7A8EB6-A4CE-4412-AECC-230392A9F810}.Debug|x86.Build.0 = Debug|Win32
		{9C7A8EB6-A4CE-4412-AECC-230392A9F810}.Release|x64.ActiveCfg = Release|x64
		{9C7A8EB6-A4CE-4412-AECC-230392A9F810}.Release|x64.Build.0 = Release|x64
		{9C7A8EB6-A4CE-4412-AECC-230392A9F810}.Release|x86.ActiveCfg = Release|Win32
		{9C7A8EB6-A4CE-4412-AECC-230392A9F810}.Release|x86.Build.0 = Release|Win32
		{D1B5F097-D961-4E30-92D6-5930A3AF8B2B}.Debug|x64.ActiveCfg = Debug|x64
		{D1B5F097-D961-4E30-92D6-5930A3AF8B2B}.Debug|x64.Build.0 = Debug|x64
		{D1B5F097-D961-4E30-92D6-5930A3AF8B2B}.Debug|x86.ActiveCfg = Debug|Win32
		{D1B5F097-D961-4E30-92D6-5930A3AF8B2B}.Debug|x86.Build.0 = Debug|Win32
		{D1B5F097-D961-4E30-92D6-5930A3AF8B2B}.Release|x64.ActiveCfg = Release|x64
		{D1B5F097-D961-4E30-92D6-5930A3AF8B2B}.Release|x64.Build.0 = Release|x64
		{D1B5F097-D961-4E30-92D6-5930A3AF8B2B}.Release|x86.ActiveCfg = Release|Win32
		{D1B5F097-D961-4E30-92D6-5930A3AF8B2B}.Release|x86.Build.0 = Release|Win32
		{1E3CD9B4-377E-4202-A899-9593A4BE1134}.Debug|x64.ActiveCfg = Debug|x64
		{1E3CD9B4-377E-4202-A899-9593A4BE1134}.Debug|x64.Build.0 = Debug|x64
		{1E3CD9B4-377E-4202-A899-9593A4BE1134}.Debug|x86.ActiveCfg = Debug|Win32
		{1E3CD9B4-377E-4202-A899-9593A4BE1134}.Debug|x86.Build.0 = Debug|Win32
		{1E3CD9B4-377E-4202-A899-9593A4BE1134}.Release|x64.ActiveCfg = Release|x64
		{1E3CD9B4-377E-4202-A899-9593A4BE1134}.Release|x64.Build.0 = Release|x64
		{1E3CD9B4-377E-4202-A899-9593A4BE1134}.Release|x86.ActiveCfg = Release|Win32
		{1E3CD9B4-377E-4202-A899-9593A4BE1134}.Release|x86.Build.0 = Release|Win32
		{4619FD70-14DE-45BD-8949-ADC35D761D84}.Debug|x64.ActiveCfg = Debug|x64
		{4619FD70-14DE-45BD-8949-ADC35D761D84}.Debug|x64.Build.0 = Debug|x64
		{4619FD70-14DE-45BD-8949-ADC35D761D84}.Debug|x86.ActiveCfg = Debug|Win32
		{4619FD70-14DE-45BD-8949-ADC35D761D84}.Debug|x86.Build.0 = Debug|Win32
		{4619FD70-14DE-45BD-8949-ADC35D761D84}.Release|x64.ActiveCfg = Release|x64
		{4619FD70-14DE-45BD-8949-ADC35D761D84}.Release|x64.Build.0 = Release|x64
		{4619FD70-14DE-45BD-8949-ADC35D761D84}.Release|x86.ActiveCfg = Release|Win32
		{4619FD70-14DE-45BD-8949-ADC35D761D84}.Release|x86.Build.0 = Release|Win32
		{980313F9-36CC-4326-9252-F33394E93200}.Debug|x64.ActiveCfg = Debug|x64
		{980313F9-36CC-4326-9252-F33394E93200}.Debug|x64.Build.0 = Debug|x64
		{980313F9-36CC-4326-9252-F33394E93200}.Debug|x86.ActiveCfg = Debug|Win32
		{980313F9-36CC-4326-9252-F33394E93200}.Debug|x86.Build.0 = Debug|Win32
		{980313F9-36CC-4326-9252-F33394E93200}.Release|x64.ActiveCfg = Release|x64
		{980313F9-36CC-4326-9252-F33394E93200}.Release|x64.Build.0 = Release|x64
		{980313F9-36CC-4326-9252-F33394E93200}.Release|x86.ActiveCfg = Release|Win32
		{980313F9-36CC-4326-9252-F33394E93200}.Release|x86.Build.0 = Release|Win32
		{D47005FD-E1AA-44D2-B4C4-DDBF462E0AD5}.Debug|x64.ActiveCfg = Debug|x64
		{D47005FD-E1AA-44D2-B4C4-DDBF462E0AD5}.Debug|x64.Build.0 = Debug|x64
		{D47005FD-E1AA-44D2-B4C4-DDBF462E0AD5}.Debug|x86.ActiveCfg = Debug|Win32
		{D47005FD-E1AA-44D2-B4C4-DDBF462E0AD5}.Debug|x86.Build.0 = Debug|Win32
		{D47005FD-E1AA-44D2-B4C4-DDBF462E0AD5}.Release|x64.ActiveCfg = Release|x64
		{D47005FD-E1AA-44D2-B4C4-DDBF462E0AD5}.Release|x64.Build.0 = Release|x64
		{D47005FD-E1AA-44D2-B4C4-DDBF462E0AD5}.Release|x86.ActiveCfg = Release|Win32
		{D47005FD-E1AA-44D2-B4C4-DDBF462E0AD5}.Release|x86.Build.0 = Release|Win32
		{9148B929-6404-4150-AA33-A8DE2F85CCB7}.Debug|x64.ActiveCfg = Debug|x64
		{9148B929-6404-4150-AA33-A8DE2F85CCB7}.Debug|x64.Build.0 = Debug|x64
		{9148B929-6404-4150-AA33-A8DE2F85CCB7}.Debug|x86.ActiveCfg = Debug|Win32
		{9148B929-6404-4150-AA33-A8DE2F85CCB7}.Debug|x86.Build.0 = Debug|Win32
		{9148B929-6404-4150-AA33-A8DE2F85CCB7}.Release|x64.ActiveCfg = Release|x64
		{9148B929-6404-4150-AA33-A8DE2F85CCB7}.Release|x64.Build.0 = Release|x64
		{9148B929-6404-4150-AA33-A8DE2F85CCB7}.Release|x86.ActiveCfg = Release|Win32
		{9148B929-6404-4150-AA33-A8DE2F85CCB7}.Release|x86.Build.0 = Release|Win32
		{58C2F498-9B5A-4402-B6CE-7F3053A7AC09}.Debug|x64.ActiveCfg = Debug|x64
		{58C2F498-9B5A-4402-B6CE-7F3053A7AC09}.Debug|x64.Build.0 = Debug|x64
		{58C2F498-9B5A-4402-B6CE-7F3053A7AC09}.Debug|x86.ActiveCfg = Debug|Win32
		{58C2F498-9B5A-4402-B6CE-7F3053A7AC09}.Debug|x86.Build.0 = Debug|Win32
		{58C2F498-9B5A-4402-B6CE-7F3053A7AC09}.Release|x64.ActiveCfg = Release|x64
		{58C2F498-9B5A-4402-B6CE-7F3053A7AC09}.Release|x64.Build.0 = Release|x64
		{58C2F498-9B5A-4402-B6CE-7F3053A7AC09}.Release|x86.ActiveCfg = Release|Win32
		{58C2F498-9B5A-4402-B6CE-7F3053A7AC09}.Release|x86.Build.0 = Release|Win32
		{EFF338E2-65A5-41E2-9373-3E6D235F23C4}.Debug|x64.ActiveCfg = Debug|x64
		{EFF338E2-65A5-41E2-9373-3E6D235F23C4}.Debug|x64.Build.0 = Debug|x64
		{EFF338E2-65A5-41E2-9373-3E6D235F23C4}.Debug|x86.ActiveCfg = Debug|Win32
		{EFF338E2-65A5-41E2-9373-3E6D235F23C4}.Debug|x86.Build.0 = Debug|Win32
		{EFF338E2-65A5-41E2-9373-3E6D235F23C4}.Release|x64.ActiveCfg = Release|x64
		{EFF338E2-65A5-41E2-9373-3E6D235F23C4}.Release|x64.Build.0 = Release|x64
		{EFF338E2-65A5-41E2-9373-3E6D235F23C4}.Release|x86.ActiveCfg = Release|Win32
		{EFF338E2-65A5-41E2-9373-3E6D235F23C4}.Release|x86.Build.0 = Release|Win32
		{1F1470AB-2C23-4750-A740-489420A7001F}.Debug|x64.ActiveCfg = Debug|x64
		{1F1470AB-2C23-4750-A740-489420A7001F}.Debug|x64.Build.0 = Debug|x64
		{1F1470AB-2C23-4750-A740-489420A7001F}.Debug|x86.ActiveCfg = Debug|Win32
		{1F1470AB-2C23-4750-A740-489420A7001F}.Debug|x86.Build.0 = Debug|Win32
		{1F1470AB-2C23-4750-A740-489420A7001F}.Release|x64.ActiveCfg = Release|x64
		{1F1470AB-2C23-4750-A740-489420A7001F}.Release|x64.Build.0 = Release|x64
		{1F1470AB-2C23-4750-A740-489420A7001F}.Release|x86.ActiveCfg = Release|Win32
		{1F1470AB-2C23-4750-A740-489420A7001F}.Release|x86.Build.0 = Release|Win32
		{8C6F1496-ED20-4DCE-AF25-4F5676B50C01}.Debug|x64.ActiveCfg = Debug|x64
		{8C6F1496-ED20-4DCE-AF25-4F5676B50C01}.Debug|x64.Build.0 = Debug|x64
		{8C6F1496-ED20-4DCE-AF25-4F5676B50C01}.Debug|x86.ActiveCfg = Debug|Win32
		{8C6F1496-ED20-4DCE-AF25-4F5676B50C01}.Debug|x86.Build.0 = Debug|Win32
		{8C6F1496-ED20-4DCE-AF25-4F5676B50C01}.Release|x64.ActiveCfg = Release|x64
		{8C6F1496-ED20-4DCE-AF25-4F5676B50C01}.Release|x64.Build.0 = Release|x64
		{8C6F1496-ED20-4DCE-AF25-4F5676B50C01}.Release|x86.ActiveCfg = Release|Win32
		{8C6F1496-ED20-4DCE-AF25-4F5676B50C01}.Release|x86.Build.0 = Release|Win32
		{EF05C975-9A7A-4E00-9F33-C6FC5E52996B}.Debug|x64.ActiveCfg = Debug|x64
		{EF05C975-9A7A-4E00-9F33-C6FC5E52996B}.Debug|x64.Build.0 = Debug|x64
		{EF05C975-9A7A-4E00-9F33-C6FC5E52996B}.Debug|x86.ActiveCfg = Debug|Win32
		{EF05C975-9A7A-4E00-9F33-C6FC5E52996B}.Debug|x86.Build.0 = Debug|Win32
		{EF05C975-9A7A-4E00-9F33-C6FC5E52996B}.Release|x64.ActiveCfg = Release|x64
		{EF05C975-9A7A-4E00-9F33-C6FC5E52996B}.Release|x64.Build.0 = Release|x64
		{EF05C975-9A7A-4E00-9F33-C6FC5E52996B}.Release|x86.ActiveCfg = Release|Win32
		{EF05C975-9A7A-4E00-9F33-C6FC5E52996B}.Release|x86.Build.0 = Release|Win32
		{B1ED0B41-DC59-4FB5-A505-4D97607DF92F}.Debug|x64.ActiveCfg = Debug|x64
		{B1ED0B41-DC59-4FB5-A505-4D97607DF92F}.Debug|x64.Build.0 = Debug|x64
		{B1ED0B41-DC59-4FB5-A505-4D97607DF92F}.Debug|x86.ActiveCfg = Debug|Win32
		{B1ED0B41-DC59-4FB5-A505-4D97607DF92F}.Debug|x86.Build.0 = Debug|Win32
		{B1ED0B41-DC59-4FB5-A505-4D97607DF92F}.Release|x64.ActiveCfg = Release|x64
		{B1ED0B41-DC59-4FB5-A505-4D97607DF92F}.Release|x64.Build.0 = Release|x64
		{B1ED0B41-DC59-4FB5-A505-4D97607DF92F}.Release|x86.ActiveCfg = Release|Win32
		{B1ED0B41-DC59-4FB5-A505-4D97607DF92F}.Release|x86.Build.0 = Release|Win32
		{9C1AFCDD-4312-4DF0-B822-2B1C75D40F26}.Debug|x64.ActiveCfg = Debug|x64
		{9C1AFCDD-4312-4DF0-B822-2B1C75D40F26}.Debug|x64.Build.0 = Debug|x64
		{9C1AFCDD-4312-4DF0-B822-2B1C75D40F26}.Debug|x86.ActiveCfg = Debug|Win32
		{9C1AFCDD-4312-4DF0-B822-2B1C75D40F26}.Debug|x86.Build.0 = Debug|Win32
		{9C1AFCDD-4312-4DF0-B822-2B1C75D40F26}.Release|x64.ActiveCfg = Release|x64
		{9C1AFCDD-4312-4DF0-B822-2B1C75D40F26}.Release|x64.Build.0 = Release|x64
		{9C1AFCDD-4312-4DF0-B822-2B1C75D40F26}.Release|x86.ActiveCfg = Release|Win32
		{9C1AFCDD-4312-4DF0-B822-2B1C75D40F26}.Release|x86.Build.0 = Release|Win32
		{54A82D20-61AC-41D6-B1DE-9D3642C9588C}.Debug|x64.ActiveCfg = Debug|x64
		{54A82D20-61AC-41D6-B1DE-9D3642C9588C}.Debug|x64.Build.0 = Debug|x64
		{54A82D20-61AC-41D6-B1DE-9D3642C9588C}.Debug|x86.ActiveCfg = Debug|Win32
		{54A82D20-61AC-41D6-B1DE-9D3642C9588C}.Debug|x86.Build.0 = Debug|Win32
		{54A82D20-61AC-41D6-B1DE-9D3642C9588C}.Release|x64.ActiveCfg = Release|x64
		{54A82D20-61AC-41D6-B1DE-9D3642C9588C}.Release|x64.Build.0 = Release|x64
		{54A82D20-61AC-41D6-B1DE-9D3642C9588C}.Release|x86.ActiveCfg = Release|Win32
		{54A82D20-61AC-41D6-B1DE-9D3642C9588C}.Release|x86.Build.0 = Release|Win32
		{AFA11308-CB7D-4D1B-BD31-0CE96753612F}.Debug|x64.ActiveCfg = Debug|x64
		{AFA11308-CB7D-4D1B-BD31-0CE96753612F}.Debug|x64.Build.0 = Debug|x64
		{AFA11308-CB7D-4D1B-BD31-0CE96753612F}.Debug|x86.ActiveCfg = Debug|Win32
		{AFA11308-CB7D-4D1B-BD31-0CE96753612F}.Debug|x86.Build.0 = Debug|Win32
		{AFA11308-CB7D-4D1B-BD31-0CE96753612F}.Release|x64.ActiveCfg = Release|x64
		{AFA11308-CB7D-4D1B-BD31-0CE96753612F}.Release|x64.Build.0 = Release|x64
		{AFA11308-CB7D-4D1B-BD31-0CE96753612F}.Release|x86.ActiveCfg = Release|Win32
		{AFA11308-CB7D-4D1B-BD31-0CE96753612F}.Release|x86.Build.0 = Release|Win32
		{C6C974FD-A29D-463F-9A32-2461103823C7}.Debug|x64.ActiveCfg = Debug|x64
		{C6C974FD-A29D-463F-9A32-2461103823C7}.Debug|x64.Build.0 = Debug|x64
		{C6C974FD-A29D-463F-9A32-2461103823C7}.Debug|x86.ActiveCfg = Debug|Win32
		{C6C974FD-A29D-463F-9A32-2461103823C7}.Debug|x86.Build.0 = Debug|Win32
		{C6C974FD-A29D-463F-9A32-2461103823C7}.Release|x64.ActiveCfg = Release|x64
		{C6C974FD-A29D-463F-9A32-2461103823C7}.Release|x64.Build.0 = Release|x64
		{C6C974FD-A29D-463F-9A32-2461103823C7}.Release|x86.ActiveCfg = Release|Win32
		{C6C974FD-A29D-463F-9A32-2461103823C7}.Release|x86.Build.0 = Release|Win32
	EndGlobalSection
	GlobalSection(SolutionProperties) = preSolution
		HideSolutionNode = FALSE
	EndGlobalSection
	GlobalSection(ExtensibilityGlobals) = postSolution
		SolutionGuid = {BB9ADF4E-56B1-45A9-9B7F-C635CEF0F25A}
	EndGlobalSection
EndGlobal
